
Microsoft Visual Studio Solution File, Format Version 12.00
# Visual Studio Version 16
VisualStudioVersion = 16.0.29926.136
MinimumVisualStudioVersion = 10.0.40219.1
Project("{FAE04EC0-301F-11D3-BF4B-00C04F79EFBC}") = "BethanyPieShopHRM.Server", "BethanyPieShopHRM.Server\BethanyPieShopHRM.Server.csproj", "{61C3E509-848F-4AD5-A301-B0C1038CC076}"
EndProject
Global
	GlobalSection(SolutionConfigurationPlatforms) = preSolution
		Debug|Any CPU = Debug|Any CPU
		Release|Any CPU = Release|Any CPU
	EndGlobalSection
	GlobalSection(ProjectConfigurationPlatforms) = postSolution
		{61C3E509-848F-4AD5-A301-B0C1038CC076}.Debug|Any CPU.ActiveCfg = Debug|Any CPU
		{61C3E509-848F-4AD5-A301-B0C1038CC076}.Debug|Any CPU.Build.0 = Debug|Any CPU
		{61C3E509-848F-4AD5-A301-B0C1038CC076}.Release|Any CPU.ActiveCfg = Release|Any CPU
		{61C3E509-848F-4AD5-A301-B0C1038CC076}.Release|Any CPU.Build.0 = Release|Any CPU
	EndGlobalSection
	GlobalSection(SolutionProperties) = preSolution
		HideSolutionNode = FALSE
	EndGlobalSection
	GlobalSection(ExtensibilityGlobals) = postSolution
		SolutionGuid = {6F6B415B-DFDD-4F9D-A2E6-A4AE31FF94A9}
	EndGlobalSection
EndGlobal
