
Microsoft Visual Studio Solution File, Format Version 12.00
# Visual Studio Version 16
VisualStudioVersion = 16.0.29926.136
MinimumVisualStudioVersion = 10.0.40219.1
Project("{9A19103F-16F7-4668-BE54-9A1E7A4F7556}") = "BethanyPieShopHRM.Server", "BethanyPieShopHRM.Server\BethanyPieShopHRM.Server.csproj", "{61C3E509-848F-4AD5-A301-B0C1038CC076}"
EndProject
Project("{9A19103F-16F7-4668-BE54-9A1E7A4F7556}") = "BethanysPieShopHRM.Shared", "BethanysPieShopHRM.Shared\BethanysPieShopHRM.Shared.csproj", "{4F506B4F-1503-4E7F-B58A-E1BFC3536DC7}"
EndProject
Global
	GlobalSection(SolutionConfigurationPlatforms) = preSolution
		Debug|Any CPU = Debug|Any CPU
		Release|Any CPU = Release|Any CPU
	EndGlobalSection
	GlobalSection(ProjectConfigurationPlatforms) = postSolution
		{61C3E509-848F-4AD5-A301-B0C1038CC076}.Debug|Any CPU.ActiveCfg = Debug|Any CPU
		{61C3E509-848F-4AD5-A301-B0C1038CC076}.Debug|Any CPU.Build.0 = Debug|Any CPU
		{61C3E509-848F-4AD5-A301-B0C1038CC076}.Release|Any CPU.ActiveCfg = Release|Any CPU
		{61C3E509-848F-4AD5-A301-B0C1038CC076}.Release|Any CPU.Build.0 = Release|Any CPU
		{4F506B4F-1503-4E7F-B58A-E1BFC3536DC7}.Debug|Any CPU.ActiveCfg = Debug|Any CPU
		{4F506B4F-1503-4E7F-B58A-E1BFC3536DC7}.Debug|Any CPU.Build.0 = Debug|Any CPU
		{4F506B4F-1503-4E7F-B58A-E1BFC3536DC7}.Release|Any CPU.ActiveCfg = Release|Any CPU
		{4F506B4F-1503-4E7F-B58A-E1BFC3536DC7}.Release|Any CPU.Build.0 = Release|Any CPU
	EndGlobalSection
	GlobalSection(SolutionProperties) = preSolution
		HideSolutionNode = FALSE
	EndGlobalSection
	GlobalSection(ExtensibilityGlobals) = postSolution
		SolutionGuid = {6F6B415B-DFDD-4F9D-A2E6-A4AE31FF94A9}
	EndGlobalSection
EndGlobal
